
Microsoft Visual Studio Solution File, Format Version 12.00
# Visual Studio Version 17
VisualStudioVersion = 17.9.34902.65
MinimumVisualStudioVersion = 10.0.40219.1
Project("{FAE04EC0-301F-11D3-BF4B-00C04F79EFBC}") = "laococoblazor", "laococoblazor.csproj", "{E88E9D0E-C013-4ED5-81EE-D5D3D6397528}"
EndProject
Global
	GlobalSection(SolutionConfigurationPlatforms) = preSolution
		Debug|Any CPU = Debug|Any CPU
		Release|Any CPU = Release|Any CPU
	EndGlobalSection
	GlobalSection(ProjectConfigurationPlatforms) = postSolution
		{E88E9D0E-C013-4ED5-81EE-D5D3D6397528}.Debug|Any CPU.ActiveCfg = Debug|Any CPU
		{E88E9D0E-C013-4ED5-81EE-D5D3D6397528}.Debug|Any CPU.Build.0 = Debug|Any CPU
		{E88E9D0E-C013-4ED5-81EE-D5D3D6397528}.Release|Any CPU.ActiveCfg = Release|Any CPU
		{E88E9D0E-C013-4ED5-81EE-D5D3D6397528}.Release|Any CPU.Build.0 = Release|Any CPU
	EndGlobalSection
	GlobalSection(SolutionProperties) = preSolution
		HideSolutionNode = FALSE
	EndGlobalSection
	GlobalSection(ExtensibilityGlobals) = postSolution
		SolutionGuid = {9C0B1A50-1053-4BB5-B576-ACE5D62BF665}
	EndGlobalSection
EndGlobal
